// !$*UTF8*$!
{
	archiveVersion = 1;
	classes = {
	};
	objectVersion = 48;
	objects = {

/* Begin PBXBuildFile section */
		9BD2C6F620284F0300B5E484 /* main.swift in Sources */ = {isa = PBXBuildFile; fileRef = 9BD2C6F520284F0300B5E484 /* main.swift */; };
		9BD2C6FD20284F2400B5E484 /* User.swift in Sources */ = {isa = PBXBuildFile; fileRef = 9BD2C6FC20284F2400B5E484 /* User.swift */; };
		9BD2C6FF202850A900B5E484 /* Customer.swift in Sources */ = {isa = PBXBuildFile; fileRef = 9BD2C6FE202850A900B5E484 /* Customer.swift */; };
		9BD2C7012028513B00B5E484 /* Shopping_cart.swift in Sources */ = {isa = PBXBuildFile; fileRef = 9BD2C7002028513B00B5E484 /* Shopping_cart.swift */; };
		9BD2C703202851BC00B5E484 /* Orders.swift in Sources */ = {isa = PBXBuildFile; fileRef = 9BD2C702202851BC00B5E484 /* Orders.swift */; };
		9BD2C7052028522800B5E484 /* ShippingInfo.swift in Sources */ = {isa = PBXBuildFile; fileRef = 9BD2C7042028522800B5E484 /* ShippingInfo.swift */; };
		9BD2C7072028528700B5E484 /* Administrator.swift in Sources */ = {isa = PBXBuildFile; fileRef = 9BD2C7062028528700B5E484 /* Administrator.swift */; };
		9BD2C709202852D700B5E484 /* OrderDetails.swift in Sources */ = {isa = PBXBuildFile; fileRef = 9BD2C708202852D700B5E484 /* OrderDetails.swift */; };
/* End PBXBuildFile section */

/* Begin PBXCopyFilesBuildPhase section */
		9BD2C6F020284F0300B5E484 /* CopyFiles */ = {
			isa = PBXCopyFilesBuildPhase;
			buildActionMask = 2147483647;
			dstPath = /usr/share/man/man1/;
			dstSubfolderSpec = 0;
			files = (
			);
			runOnlyForDeploymentPostprocessing = 1;
		};
/* End PBXCopyFilesBuildPhase section */

/* Begin PBXFileReference section */
		9BD2C6F220284F0300B5E484 /* project_MAD */ = {isa = PBXFileReference; explicitFileType = "compiled.mach-o.executable"; includeInIndex = 0; path = project_MAD; sourceTree = BUILT_PRODUCTS_DIR; };
		9BD2C6F520284F0300B5E484 /* main.swift */ = {isa = PBXFileReference; lastKnownFileType = sourcecode.swift; path = main.swift; sourceTree = "<group>"; };
		9BD2C6FC20284F2400B5E484 /* User.swift */ = {isa = PBXFileReference; lastKnownFileType = sourcecode.swift; path = User.swift; sourceTree = "<group>"; };
		9BD2C6FE202850A900B5E484 /* Customer.swift */ = {isa = PBXFileReference; lastKnownFileType = sourcecode.swift; path = Customer.swift; sourceTree = "<group>"; };
		9BD2C7002028513B00B5E484 /* Shopping_cart.swift */ = {isa = PBXFileReference; lastKnownFileType = sourcecode.swift; path = Shopping_cart.swift; sourceTree = "<group>"; };
		9BD2C702202851BC00B5E484 /* Orders.swift */ = {isa = PBXFileReference; lastKnownFileType = sourcecode.swift; path = Orders.swift; sourceTree = "<group>"; };
		9BD2C7042028522800B5E484 /* ShippingInfo.swift */ = {isa = PBXFileReference; lastKnownFileType = sourcecode.swift; path = ShippingInfo.swift; sourceTree = "<group>"; };
		9BD2C7062028528700B5E484 /* Administrator.swift */ = {isa = PBXFileReference; lastKnownFileType = sourcecode.swift; path = Administrator.swift; sourceTree = "<group>"; };
		9BD2C708202852D700B5E484 /* OrderDetails.swift */ = {isa = PBXFileReference; lastKnownFileType = sourcecode.swift; path = OrderDetails.swift; sourceTree = "<group>"; };
/* End PBXFileReference section */

/* Begin PBXFrameworksBuildPhase section */
		9BD2C6EF20284F0300B5E484 /* Frameworks */ = {
			isa = PBXFrameworksBuildPhase;
			buildActionMask = 2147483647;
			files = (
			);
			runOnlyForDeploymentPostprocessing = 0;
		};
/* End PBXFrameworksBuildPhase section */

/* Begin PBXGroup section */
		9BD2C6E920284F0300B5E484 = {
			isa = PBXGroup;
			children = (
				9BD2C6F420284F0300B5E484 /* project_MAD */,
				9BD2C6F320284F0300B5E484 /* Products */,
			);
			sourceTree = "<group>";
		};
		9BD2C6F320284F0300B5E484 /* Products */ = {
			isa = PBXGroup;
			children = (
				9BD2C6F220284F0300B5E484 /* project_MAD */,
			);
			name = Products;
			sourceTree = "<group>";
		};
		9BD2C6F420284F0300B5E484 /* project_MAD */ = {
			isa = PBXGroup;
			children = (
				9BD2C6F520284F0300B5E484 /* main.swift */,
				9BD2C708202852D700B5E484 /* OrderDetails.swift */,
				9BD2C7062028528700B5E484 /* Administrator.swift */,
				9BD2C7042028522800B5E484 /* ShippingInfo.swift */,
				9BD2C702202851BC00B5E484 /* Orders.swift */,
				9BD2C7002028513B00B5E484 /* Shopping_cart.swift */,
				9BD2C6FE202850A900B5E484 /* Customer.swift */,
				9BD2C6FC20284F2400B5E484 /* User.swift */,
			);
			path = project_MAD;
			sourceTree = "<group>";
		};
/* End PBXGroup section */

/* Begin PBXNativeTarget section */
		9BD2C6F120284F0300B5E484 /* project_MAD */ = {
			isa = PBXNativeTarget;
			buildConfigurationList = 9BD2C6F920284F0300B5E484 /* Build configuration list for PBXNativeTarget "project_MAD" */;
			buildPhases = (
				9BD2C6EE20284F0300B5E484 /* Sources */,
				9BD2C6EF20284F0300B5E484 /* Frameworks */,
				9BD2C6F020284F0300B5E484 /* CopyFiles */,
			);
			buildRules = (
			);
			dependencies = (
			);
			name = project_MAD;
			productName = project_MAD;
			productReference = 9BD2C6F220284F0300B5E484 /* project_MAD */;
			productType = "com.apple.product-type.tool";
		};
/* End PBXNativeTarget section */

/* Begin PBXProject section */
		9BD2C6EA20284F0300B5E484 /* Project object */ = {
			isa = PBXProject;
			attributes = {
				LastSwiftUpdateCheck = 0920;
				LastUpgradeCheck = 0920;
				ORGANIZATIONNAME = MacStudent;
				TargetAttributes = {
					9BD2C6F120284F0300B5E484 = {
						CreatedOnToolsVersion = 9.2;
						ProvisioningStyle = Automatic;
					};
				};
			};
			buildConfigurationList = 9BD2C6ED20284F0300B5E484 /* Build configuration list for PBXProject "project_MAD" */;
			compatibilityVersion = "Xcode 8.0";
			developmentRegion = en;
			hasScannedForEncodings = 0;
			knownRegions = (
				en,
			);
			mainGroup = 9BD2C6E920284F0300B5E484;
			productRefGroup = 9BD2C6F320284F0300B5E484 /* Products */;
			projectDirPath = "";
			projectRoot = "";
			targets = (
				9BD2C6F120284F0300B5E484 /* project_MAD */,
			);
		};
/* End PBXProject section */

/* Begin PBXSourcesBuildPhase section */
		9BD2C6EE20284F0300B5E484 /* Sources */ = {
			isa = PBXSourcesBuildPhase;
			buildActionMask = 2147483647;
			files = (
				9BD2C6FF202850A900B5E484 /* Customer.swift in Sources */,
				9BD2C6FD20284F2400B5E484 /* User.swift in Sources */,
				9BD2C6F620284F0300B5E484 /* main.swift in Sources */,
				9BD2C7012028513B00B5E484 /* Shopping_cart.swift in Sources */,
				9BD2C703202851BC00B5E484 /* Orders.swift in Sources */,
				9BD2C7072028528700B5E484 /* Administrator.swift in Sources */,
				9BD2C7052028522800B5E484 /* ShippingInfo.swift in Sources */,
				9BD2C709202852D700B5E484 /* OrderDetails.swift in Sources */,
			);
			runOnlyForDeploymentPostprocessing = 0;
		};
/* End PBXSourcesBuildPhase section */

/* Begin XCBuildConfiguration section */
		9BD2C6F720284F0300B5E484 /* Debug */ = {
			isa = XCBuildConfiguration;
			buildSettings = {
				ALWAYS_SEARCH_USER_PATHS = NO;
				CLANG_ANALYZER_NONNULL = YES;
				CLANG_ANALYZER_NUMBER_OBJECT_CONVERSION = YES_AGGRESSIVE;
				CLANG_CXX_LANGUAGE_STANDARD = "gnu++14";
				CLANG_CXX_LIBRARY = "libc++";
				CLANG_ENABLE_MODULES = YES;
				CLANG_ENABLE_OBJC_ARC = YES;
				CLANG_WARN_BLOCK_CAPTURE_AUTORELEASING = YES;
				CLANG_WARN_BOOL_CONVERSION = YES;
				CLANG_WARN_COMMA = YES;
				CLANG_WARN_CONSTANT_CONVERSION = YES;
				CLANG_WARN_DIRECT_OBJC_ISA_USAGE = YES_ERROR;
				CLANG_WARN_DOCUMENTATION_COMMENTS = YES;
				CLANG_WARN_EMPTY_BODY = YES;
				CLANG_WARN_ENUM_CONVERSION = YES;
				CLANG_WARN_INFINITE_RECURSION = YES;
				CLANG_WARN_INT_CONVERSION = YES;
				CLANG_WARN_NON_LITERAL_NULL_CONVERSION = YES;
				CLANG_WARN_OBJC_LITERAL_CONVERSION = YES;
				CLANG_WARN_OBJC_ROOT_CLASS = YES_ERROR;
				CLANG_WARN_RANGE_LOOP_ANALYSIS = YES;
				CLANG_WARN_STRICT_PROTOTYPES = YES;
				CLANG_WARN_SUSPICIOUS_MOVE = YES;
				CLANG_WARN_UNGUARDED_AVAILABILITY = YES_AGGRESSIVE;
				CLANG_WARN_UNREACHABLE_CODE = YES;
				CLANG_WARN__DUPLICATE_METHOD_MATCH = YES;
				CODE_SIGN_IDENTITY = "-";
				COPY_PHASE_STRIP = NO;
				DEBUG_INFORMATION_FORMAT = dwarf;
				ENABLE_STRICT_OBJC_MSGSEND = YES;
				ENABLE_TESTABILITY = YES;
				GCC_C_LANGUAGE_STANDARD = gnu11;
				GCC_DYNAMIC_NO_PIC = NO;
				GCC_NO_COMMON_BLOCKS = YES;
				GCC_OPTIMIZATION_LEVEL = 0;
				GCC_PREPROCESSOR_DEFINITIONS = (
					"DEBUG=1",
					"$(inherited)",
				);
				GCC_WARN_64_TO_32_BIT_CONVERSION = YES;
				GCC_WARN_ABOUT_RETURN_TYPE = YES_ERROR;
				GCC_WARN_UNDECLARED_SELECTOR = YES;
				GCC_WARN_UNINITIALIZED_AUTOS = YES_AGGRESSIVE;
				GCC_WARN_UNUSED_FUNCTION = YES;
				GCC_WARN_UNUSED_VARIABLE = YES;
				MACOSX_DEPLOYMENT_TARGET = 10.13;
				MTL_ENABLE_DEBUG_INFO = YES;
				ONLY_ACTIVE_ARCH = YES;
				SDKROOT = macosx;
				SWIFT_ACTIVE_COMPILATION_CONDITIONS = DEBUG;
				SWIFT_OPTIMIZATION_LEVEL = "-Onone";
			};
			name = Debug;
		};
		9BD2C6F820284F0300B5E484 /* Release */ = {
			isa = XCBuildConfiguration;
			buildSettings = {
				ALWAYS_SEARCH_USER_PATHS = NO;
				CLANG_ANALYZER_NONNULL = YES;
				CLANG_ANALYZER_NUMBER_OBJECT_CONVERSION = YES_AGGRESSIVE;
				CLANG_CXX_LANGUAGE_STANDARD = "gnu++14";
				CLANG_CXX_LIBRARY = "libc++";
				CLANG_ENABLE_MODULES = YES;
				CLANG_ENABLE_OBJC_ARC = YES;
				CLANG_WARN_BLOCK_CAPTURE_AUTORELEASING = YES;
				CLANG_WARN_BOOL_CONVERSION = YES;
				CLANG_WARN_COMMA = YES;
				CLANG_WARN_CONSTANT_CONVERSION = YES;
				CLANG_WARN_DIRECT_OBJC_ISA_USAGE = YES_ERROR;
				CLANG_WARN_DOCUMENTATION_COMMENTS = YES;
				CLANG_WARN_EMPTY_BODY = YES;
				CLANG_WARN_ENUM_CONVERSION = YES;
				CLANG_WARN_INFINITE_RECURSION = YES;
				CLANG_WARN_INT_CONVERSION = YES;
				CLANG_WARN_NON_LITERAL_NULL_CONVERSION = YES;
				CLANG_WARN_OBJC_LITERAL_CONVERSION = YES;
				CLANG_WARN_OBJC_ROOT_CLASS = YES_ERROR;
				CLANG_WARN_RANGE_LOOP_ANALYSIS = YES;
				CLANG_WARN_STRICT_PROTOTYPES = YES;
				CLANG_WARN_SUSPICIOUS_MOVE = YES;
				CLANG_WARN_UNGUARDED_AVAILABILITY = YES_AGGRESSIVE;
				CLANG_WARN_UNREACHABLE_CODE = YES;
				CLANG_WARN__DUPLICATE_METHOD_MATCH = YES;
				CODE_SIGN_IDENTITY = "-";
				COPY_PHASE_STRIP = NO;
				DEBUG_INFORMATION_FORMAT = "dwarf-with-dsym";
				ENABLE_NS_ASSERTIONS = NO;
				ENABLE_STRICT_OBJC_MSGSEND = YES;
				GCC_C_LANGUAGE_STANDARD = gnu11;
				GCC_NO_COMMON_BLOCKS = YES;
				GCC_WARN_64_TO_32_BIT_CONVERSION = YES;
				GCC_WARN_ABOUT_RETURN_TYPE = YES_ERROR;
				GCC_WARN_UNDECLARED_SELECTOR = YES;
				GCC_WARN_UNINITIALIZED_AUTOS = YES_AGGRESSIVE;
				GCC_WARN_UNUSED_FUNCTION = YES;
				GCC_WARN_UNUSED_VARIABLE = YES;
				MACOSX_DEPLOYMENT_TARGET = 10.13;
				MTL_ENABLE_DEBUG_INFO = NO;
				SDKROOT = macosx;
				SWIFT_OPTIMIZATION_LEVEL = "-Owholemodule";
			};
			name = Release;
		};
		9BD2C6FA20284F0300B5E484 /* Debug */ = {
			isa = XCBuildConfiguration;
			buildSettings = {
				CODE_SIGN_STYLE = Automatic;
				PRODUCT_NAME = "$(TARGET_NAME)";
				SWIFT_VERSION = 4.0;
			};
			name = Debug;
		};
		9BD2C6FB20284F0300B5E484 /* Release */ = {
			isa = XCBuildConfiguration;
			buildSettings = {
				CODE_SIGN_STYLE = Automatic;
				PRODUCT_NAME = "$(TARGET_NAME)";
				SWIFT_VERSION = 4.0;
			};
			name = Release;
		};
/* End XCBuildConfiguration section */

/* Begin XCConfigurationList section */
		9BD2C6ED20284F0300B5E484 /* Build configuration list for PBXProject "project_MAD" */ = {
			isa = XCConfigurationList;
			buildConfigurations = (
				9BD2C6F720284F0300B5E484 /* Debug */,
				9BD2C6F820284F0300B5E484 /* Release */,
			);
			defaultConfigurationIsVisible = 0;
			defaultConfigurationName = Release;
		};
		9BD2C6F920284F0300B5E484 /* Build configuration list for PBXNativeTarget "project_MAD" */ = {
			isa = XCConfigurationList;
			buildConfigurations = (
				9BD2C6FA20284F0300B5E484 /* Debug */,
				9BD2C6FB20284F0300B5E484 /* Release */,
			);
			defaultConfigurationIsVisible = 0;
			defaultConfigurationName = Release;
		};
/* End XCConfigurationList section */
	};
	rootObject = 9BD2C6EA20284F0300B5E484 /* Project object */;
}
